{
  "requires": true,
  "lockfileVersion": 1,
  "dependencies": {
    "ffmpeg.js": {
      "version": "4.2.9003",
      "resolved": "https://registry.npmjs.org/ffmpeg.js/-/ffmpeg.js-4.2.9003.tgz",
      "integrity": "sha512-l1JBr8HwnnJEaSwg5p8K3Ifbom8O2IDHsZp7UVyr6MzQ7gc32tt/2apoOuQAr/j76c+uDOjla799VSsBnRvSTg=="
    }
  }
}
